
Microsoft Visual Studio Solution File, Format Version 12.00
# Visual Studio 14
VisualStudioVersion = 14.0.25420.1
MinimumVisualStudioVersion = 10.0.40219.1
Project("{2150E333-8FDC-42A3-9474-1A3956D46DE8}") = "src", "src", "{32DD8216-9ED7-467E-9224-6F7E16E240A5}"
EndProject
Project("{2150E333-8FDC-42A3-9474-1A3956D46DE8}") = "Solution Items", "Solution Items", "{6E44041A-9EAC-48FA-876D-707E72AA26CC}"
	ProjectSection(SolutionItems) = preProject
		global.json = global.json
		..\Info.md = ..\Info.md
	EndProjectSection
EndProject
Project("{8BB2217D-0F2D-49D1-97BC-3654ED321F3B}") = "FamilyPhotosWithIdentity", "src\FamilyPhotosWithIdentity\FamilyPhotosWithIdentity.xproj", "{36167E9E-411C-4F4F-97B0-7F481681CE9A}"
EndProject
Global
	GlobalSection(SolutionConfigurationPlatforms) = preSolution
		Debug|Any CPU = Debug|Any CPU
		Release|Any CPU = Release|Any CPU
	EndGlobalSection
	GlobalSection(ProjectConfigurationPlatforms) = postSolution
		{36167E9E-411C-4F4F-97B0-7F481681CE9A}.Debug|Any CPU.ActiveCfg = Debug|Any CPU
		{36167E9E-411C-4F4F-97B0-7F481681CE9A}.Debug|Any CPU.Build.0 = Debug|Any CPU
		{36167E9E-411C-4F4F-97B0-7F481681CE9A}.Release|Any CPU.ActiveCfg = Release|Any CPU
		{36167E9E-411C-4F4F-97B0-7F481681CE9A}.Release|Any CPU.Build.0 = Release|Any CPU
	EndGlobalSection
	GlobalSection(SolutionProperties) = preSolution
		HideSolutionNode = FALSE
	EndGlobalSection
	GlobalSection(NestedProjects) = preSolution
		{36167E9E-411C-4F4F-97B0-7F481681CE9A} = {32DD8216-9ED7-467E-9224-6F7E16E240A5}
	EndGlobalSection
EndGlobal
